# THIS IS AN AUTOGENERATED FILE. DO NOT EDIT THIS FILE DIRECTLY.
# yarn lockfile v1


ajv@^5.0.0:
  version "5.2.2"
  resolved "http://registry.npm.taobao.org/ajv/download/ajv-5.2.2.tgz#47c68d69e86f5d953103b0074a9430dc63da5e39"
  dependencies:
    co "^4.6.0"
    fast-deep-equal "^1.0.0"
    json-schema-traverse "^0.3.0"
    json-stable-stringify "^1.0.1"

big.js@^3.1.3:
  version "3.1.3"
  resolved "http://registry.npm.taobao.org/big.js/download/big.js-3.1.3.tgz#4cada2193652eb3ca9ec8e55c9015669c9806978"

co@^4.6.0:
  version "4.6.0"
  resolved "http://registry.npm.taobao.org/co/download/co-4.6.0.tgz#6ea6bdf3d853ae54ccb8e47bfa0bf3f9031fb184"

emojis-list@^2.0.0:
  version "2.1.0"
  resolved "http://registry.npm.taobao.org/emojis-list/download/emojis-list-2.1.0.tgz#4daa4d9db00f9819880c79fa457ae5b09a1fd389"

fast-deep-equal@^1.0.0:
  version "1.0.0"
  resolved "http://registry.npm.taobao.org/fast-deep-equal/download/fast-deep-equal-1.0.0.tgz#96256a3bc975595eb36d82e9929d060d893439ff"

izimodal@^1.4.2:
  version "1.4.2"
  resolved "http://registry.npm.taobao.org/izimodal/download/izimodal-1.4.2.tgz#4a5f183da9c8e0cc1ad17811804e72b0111100f6"
  dependencies:
    jquery "~2"

jquery@~2:
  version "2.2.4"
  resolved "http://registry.npm.taobao.org/jquery/download/jquery-2.2.4.tgz#2c89d6889b5eac522a7eea32c14521559c6cbf02"

json-schema-traverse@^0.3.0:
  version "0.3.1"
  resolved "http://registry.npm.taobao.org/json-schema-traverse/download/json-schema-traverse-0.3.1.tgz#349a6d44c53a51de89b40805c5d5e59b417d3340"

json-stable-stringify@^1.0.1:
  version "1.0.1"
  resolved "http://registry.npm.taobao.org/json-stable-stringify/download/json-stable-stringify-1.0.1.tgz#9a759d39c5f2ff503fd5300646ed445f88c4f9af"
  dependencies:
    jsonify "~0.0.0"

json5@^0.5.0:
  version "0.5.1"
  resolved "http://registry.npm.taobao.org/json5/download/json5-0.5.1.tgz#1eade7acc012034ad84e2396767ead9fa5495821"

jsonify@~0.0.0:
  version "0.0.0"
  resolved "http://registry.npm.taobao.org/jsonify/download/jsonify-0.0.0.tgz#2c74b6ee41d93ca51b7b5aaee8f503631d252a73"

loader-utils@^1.0.2:
  version "1.1.0"
  resolved "http://registry.npm.taobao.org/loader-utils/download/loader-utils-1.1.0.tgz#c98aef488bcceda2ffb5e2de646d6a754429f5cd"
  dependencies:
    big.js "^3.1.3"
    emojis-list "^2.0.0"
    json5 "^0.5.0"

node-ensure@^0.0.0:
  version "0.0.0"
  resolved "http://registry.npm.taobao.org/node-ensure/download/node-ensure-0.0.0.tgz#ecae764150de99861ec5c810fd5d096b183932a7"

pdfjs-dist@^1.8.527:
  version "1.8.527"
  resolved "http://registry.npm.taobao.org/pdfjs-dist/download/pdfjs-dist-1.8.527.tgz#eddb90223f998dfa163e0219b2f34e751fc798e6"
  dependencies:
    node-ensure "^0.0.0"
    worker-loader "^0.8.0"

schema-utils@^0.3.0:
  version "0.3.0"
  resolved "http://registry.npm.taobao.org/schema-utils/download/schema-utils-0.3.0.tgz#f5877222ce3e931edae039f17eb3716e7137f8cf"
  dependencies:
    ajv "^5.0.0"

worker-loader@^0.8.0:
  version "0.8.1"
  resolved "http://registry.npm.taobao.org/worker-loader/download/worker-loader-0.8.1.tgz#e8e995331ea34df5bf68296824bfb7f0ad578d43"
  dependencies:
    loader-utils "^1.0.2"
    schema-utils "^0.3.0"
